
Microsoft Visual Studio Solution File, Format Version 12.00
# Visual Studio Version 17
VisualStudioVersion = 17.0.31903.59
MinimumVisualStudioVersion = 10.0.40219.1
Project("{FAE04EC0-301F-11D3-BF4B-00C04F79EFBC}") = "Web.Dashboard", "Web.Dashboard\Web.Dashboard.csproj", "{26FF8203-1533-4CD1-B2CB-98ECC481FCC2}"
EndProject
Project("{FAE04EC0-301F-11D3-BF4B-00C04F79EFBC}") = "Streaming.App", "Streaming.App\Streaming.App.csproj", "{E8F642AB-6005-4E9C-B836-13E6238FF1D2}"
EndProject
Project("{FAE04EC0-301F-11D3-BF4B-00C04F79EFBC}") = "Simulator.App", "Simulator.App\Simulator.App.csproj", "{1331C7DB-8E5A-4CDB-BD4E-85CB91CB54EF}"
EndProject
Project("{FAE04EC0-301F-11D3-BF4B-00C04F79EFBC}") = "AI.Training", "AI.Training\AI.Training.csproj", "{0AA58906-2D58-462A-A715-D1E2CEEF8C17}"
EndProject
Project("{FAE04EC0-301F-11D3-BF4B-00C04F79EFBC}") = "Vue.Api", "Vue.Api\Vue.Api.csproj", "{123E37BB-B413-41DC-8476-67C417DBBE27}"
EndProject
Project("{54A90642-561A-4BB1-A94E-469ADEE60C69}") = "vue-client", "vue-client\vue-client.esproj", "{B10A376A-9612-4402-989D-759A4A931F17}"
EndProject
Global
	GlobalSection(SolutionConfigurationPlatforms) = preSolution
		Debug|Any CPU = Debug|Any CPU
		Debug|x64 = Debug|x64
		Debug|x86 = Debug|x86
		Release|Any CPU = Release|Any CPU
		Release|x64 = Release|x64
		Release|x86 = Release|x86
	EndGlobalSection
	GlobalSection(ProjectConfigurationPlatforms) = postSolution
		{26FF8203-1533-4CD1-B2CB-98ECC481FCC2}.Debug|Any CPU.ActiveCfg = Debug|Any CPU
		{26FF8203-1533-4CD1-B2CB-98ECC481FCC2}.Debug|Any CPU.Build.0 = Debug|Any CPU
		{26FF8203-1533-4CD1-B2CB-98ECC481FCC2}.Debug|x64.ActiveCfg = Debug|Any CPU
		{26FF8203-1533-4CD1-B2CB-98ECC481FCC2}.Debug|x64.Build.0 = Debug|Any CPU
		{26FF8203-1533-4CD1-B2CB-98ECC481FCC2}.Debug|x86.ActiveCfg = Debug|Any CPU
		{26FF8203-1533-4CD1-B2CB-98ECC481FCC2}.Debug|x86.Build.0 = Debug|Any CPU
		{26FF8203-1533-4CD1-B2CB-98ECC481FCC2}.Release|Any CPU.ActiveCfg = Release|Any CPU
		{26FF8203-1533-4CD1-B2CB-98ECC481FCC2}.Release|Any CPU.Build.0 = Release|Any CPU
		{26FF8203-1533-4CD1-B2CB-98ECC481FCC2}.Release|x64.ActiveCfg = Release|Any CPU
		{26FF8203-1533-4CD1-B2CB-98ECC481FCC2}.Release|x64.Build.0 = Release|Any CPU
		{26FF8203-1533-4CD1-B2CB-98ECC481FCC2}.Release|x86.ActiveCfg = Release|Any CPU
		{26FF8203-1533-4CD1-B2CB-98ECC481FCC2}.Release|x86.Build.0 = Release|Any CPU
		{E8F642AB-6005-4E9C-B836-13E6238FF1D2}.Debug|Any CPU.ActiveCfg = Debug|Any CPU
		{E8F642AB-6005-4E9C-B836-13E6238FF1D2}.Debug|Any CPU.Build.0 = Debug|Any CPU
		{E8F642AB-6005-4E9C-B836-13E6238FF1D2}.Debug|x64.ActiveCfg = Debug|Any CPU
		{E8F642AB-6005-4E9C-B836-13E6238FF1D2}.Debug|x64.Build.0 = Debug|Any CPU
		{E8F642AB-6005-4E9C-B836-13E6238FF1D2}.Debug|x86.ActiveCfg = Debug|Any CPU
		{E8F642AB-6005-4E9C-B836-13E6238FF1D2}.Debug|x86.Build.0 = Debug|Any CPU
		{E8F642AB-6005-4E9C-B836-13E6238FF1D2}.Release|Any CPU.ActiveCfg = Release|Any CPU
		{E8F642AB-6005-4E9C-B836-13E6238FF1D2}.Release|Any CPU.Build.0 = Release|Any CPU
		{E8F642AB-6005-4E9C-B836-13E6238FF1D2}.Release|x64.ActiveCfg = Release|Any CPU
		{E8F642AB-6005-4E9C-B836-13E6238FF1D2}.Release|x64.Build.0 = Release|Any CPU
		{E8F642AB-6005-4E9C-B836-13E6238FF1D2}.Release|x86.ActiveCfg = Release|Any CPU
		{E8F642AB-6005-4E9C-B836-13E6238FF1D2}.Release|x86.Build.0 = Release|Any CPU
		{1331C7DB-8E5A-4CDB-BD4E-85CB91CB54EF}.Debug|Any CPU.ActiveCfg = Debug|Any CPU
		{1331C7DB-8E5A-4CDB-BD4E-85CB91CB54EF}.Debug|Any CPU.Build.0 = Debug|Any CPU
		{1331C7DB-8E5A-4CDB-BD4E-85CB91CB54EF}.Debug|x64.ActiveCfg = Debug|Any CPU
		{1331C7DB-8E5A-4CDB-BD4E-85CB91CB54EF}.Debug|x64.Build.0 = Debug|Any CPU
		{1331C7DB-8E5A-4CDB-BD4E-85CB91CB54EF}.Debug|x86.ActiveCfg = Debug|Any CPU
		{1331C7DB-8E5A-4CDB-BD4E-85CB91CB54EF}.Debug|x86.Build.0 = Debug|Any CPU
		{1331C7DB-8E5A-4CDB-BD4E-85CB91CB54EF}.Release|Any CPU.ActiveCfg = Release|Any CPU
		{1331C7DB-8E5A-4CDB-BD4E-85CB91CB54EF}.Release|Any CPU.Build.0 = Release|Any CPU
		{1331C7DB-8E5A-4CDB-BD4E-85CB91CB54EF}.Release|x64.ActiveCfg = Release|Any CPU
		{1331C7DB-8E5A-4CDB-BD4E-85CB91CB54EF}.Release|x64.Build.0 = Release|Any CPU
		{1331C7DB-8E5A-4CDB-BD4E-85CB91CB54EF}.Release|x86.ActiveCfg = Release|Any CPU
		{1331C7DB-8E5A-4CDB-BD4E-85CB91CB54EF}.Release|x86.Build.0 = Release|Any CPU
		{0AA58906-2D58-462A-A715-D1E2CEEF8C17}.Debug|Any CPU.ActiveCfg = Debug|Any CPU
		{0AA58906-2D58-462A-A715-D1E2CEEF8C17}.Debug|Any CPU.Build.0 = Debug|Any CPU
		{0AA58906-2D58-462A-A715-D1E2CEEF8C17}.Debug|x64.ActiveCfg = Debug|Any CPU
		{0AA58906-2D58-462A-A715-D1E2CEEF8C17}.Debug|x64.Build.0 = Debug|Any CPU
		{0AA58906-2D58-462A-A715-D1E2CEEF8C17}.Debug|x86.ActiveCfg = Debug|Any CPU
		{0AA58906-2D58-462A-A715-D1E2CEEF8C17}.Debug|x86.Build.0 = Debug|Any CPU
		{0AA58906-2D58-462A-A715-D1E2CEEF8C17}.Release|Any CPU.ActiveCfg = Release|Any CPU
		{0AA58906-2D58-462A-A715-D1E2CEEF8C17}.Release|Any CPU.Build.0 = Release|Any CPU
		{0AA58906-2D58-462A-A715-D1E2CEEF8C17}.Release|x64.ActiveCfg = Release|Any CPU
		{0AA58906-2D58-462A-A715-D1E2CEEF8C17}.Release|x64.Build.0 = Release|Any CPU
		{0AA58906-2D58-462A-A715-D1E2CEEF8C17}.Release|x86.ActiveCfg = Release|Any CPU
		{0AA58906-2D58-462A-A715-D1E2CEEF8C17}.Release|x86.Build.0 = Release|Any CPU
		{123E37BB-B413-41DC-8476-67C417DBBE27}.Debug|Any CPU.ActiveCfg = Debug|Any CPU
		{123E37BB-B413-41DC-8476-67C417DBBE27}.Debug|Any CPU.Build.0 = Debug|Any CPU
		{123E37BB-B413-41DC-8476-67C417DBBE27}.Debug|x64.ActiveCfg = Debug|Any CPU
		{123E37BB-B413-41DC-8476-67C417DBBE27}.Debug|x64.Build.0 = Debug|Any CPU
		{123E37BB-B413-41DC-8476-67C417DBBE27}.Debug|x86.ActiveCfg = Debug|Any CPU
		{123E37BB-B413-41DC-8476-67C417DBBE27}.Debug|x86.Build.0 = Debug|Any CPU
		{123E37BB-B413-41DC-8476-67C417DBBE27}.Release|Any CPU.ActiveCfg = Release|Any CPU
		{123E37BB-B413-41DC-8476-67C417DBBE27}.Release|Any CPU.Build.0 = Release|Any CPU
		{123E37BB-B413-41DC-8476-67C417DBBE27}.Release|x64.ActiveCfg = Release|Any CPU
		{123E37BB-B413-41DC-8476-67C417DBBE27}.Release|x64.Build.0 = Release|Any CPU
		{123E37BB-B413-41DC-8476-67C417DBBE27}.Release|x86.ActiveCfg = Release|Any CPU
		{123E37BB-B413-41DC-8476-67C417DBBE27}.Release|x86.Build.0 = Release|Any CPU
		{B10A376A-9612-4402-989D-759A4A931F17}.Debug|Any CPU.ActiveCfg = Debug|Any CPU
		{B10A376A-9612-4402-989D-759A4A931F17}.Debug|x64.ActiveCfg = Debug|Any CPU
		{B10A376A-9612-4402-989D-759A4A931F17}.Debug|x86.ActiveCfg = Debug|Any CPU
		{B10A376A-9612-4402-989D-759A4A931F17}.Release|Any CPU.ActiveCfg = Release|Any CPU
		{B10A376A-9612-4402-989D-759A4A931F17}.Release|x64.ActiveCfg = Release|Any CPU
		{B10A376A-9612-4402-989D-759A4A931F17}.Release|x86.ActiveCfg = Release|Any CPU
	EndGlobalSection
	GlobalSection(SolutionProperties) = preSolution
		HideSolutionNode = FALSE
	EndGlobalSection
EndGlobal
